
Microsoft Visual Studio Solution File, Format Version 12.00
# Visual Studio 2015
Project("{FAE04EC0-301F-11D3-BF4B-00C04F79EFBC}") = "SynthQuest", "SynthQuest.csproj", "{06A184D3-DABC-E019-EADD-B7CC35590062}"
EndProject
Project("{FAE04EC0-301F-11D3-BF4B-00C04F79EFBC}") = "SynthQuest.Editor", "SynthQuest.Editor.csproj", "{D2DBD4FC-7CB1-7BB1-EF13-730251E7F053}"
EndProject
Global
	GlobalSection(SolutionConfigurationPlatforms) = preSolution
		Debug|Any CPU = Debug|Any CPU
		Release|Any CPU = Release|Any CPU
	EndGlobalSection
	GlobalSection(ProjectConfigurationPlatforms) = postSolution
		{06A184D3-DABC-E019-EADD-B7CC35590062}.Debug|Any CPU.ActiveCfg = Debug|Any CPU
		{06A184D3-DABC-E019-EADD-B7CC35590062}.Debug|Any CPU.Build.0 = Debug|Any CPU
		{06A184D3-DABC-E019-EADD-B7CC35590062}.Release|Any CPU.ActiveCfg = Release|Any CPU
		{06A184D3-DABC-E019-EADD-B7CC35590062}.Release|Any CPU.Build.0 = Release|Any CPU
		{D2DBD4FC-7CB1-7BB1-EF13-730251E7F053}.Debug|Any CPU.ActiveCfg = Debug|Any CPU
		{D2DBD4FC-7CB1-7BB1-EF13-730251E7F053}.Debug|Any CPU.Build.0 = Debug|Any CPU
		{D2DBD4FC-7CB1-7BB1-EF13-730251E7F053}.Release|Any CPU.ActiveCfg = Release|Any CPU
		{D2DBD4FC-7CB1-7BB1-EF13-730251E7F053}.Release|Any CPU.Build.0 = Release|Any CPU
	EndGlobalSection
	GlobalSection(SolutionProperties) = preSolution
		HideSolutionNode = FALSE
	EndGlobalSection
EndGlobal
